{
  "name": "6-2.library-use-example",
  "version": "1.0.0",
  "lockfileVersion": 3,
  "requires": true,
  "packages": {
    "": {
      "name": "6-2.library-use-example",
      "version": "1.0.0",
      "license": "ISC",
      "dependencies": {
        "kong-sample-lib": "^1.0.1"
      }
    },
    "node_modules/dayjs": {
      "version": "1.11.9",
      "resolved": "https://registry.npmjs.org/dayjs/-/dayjs-1.11.9.tgz",
      "integrity": "sha512-QvzAURSbQ0pKdIye2txOzNaHmxtUBXerpY0FJsFXUMKbIZeFm5ht1LS/jFsrncjnmtv8HsG0W2g6c0zUjZWmpA==",
      "peer": true
    },
    "node_modules/kong-sample-lib": {
      "version": "1.0.1",
      "resolved": "https://registry.npmjs.org/kong-sample-lib/-/kong-sample-lib-1.0.1.tgz",
      "integrity": "sha512-Hq2+IGmFHYGMpnZS2Ks4Po90WvNmYREUg0vLv7LN4J4AMdyTnnmBCrHbvj74WmEW+TlipEpAaQ56X7dt3bktAg==",
      "peerDependencies": {
        "dayjs": "^1.11.9"
      }
    }
  }
}
